
Microsoft Visual Studio Solution File, Format Version 12.00
# Visual Studio Version 17
VisualStudioVersion = 17.10.35122.118
MinimumVisualStudioVersion = 10.0.40219.1
Project("{8BC9CEB8-8B4A-11D0-8D11-00A0C91BC942}") = "Задание 2", "Задание 2.vcxproj", "{13F844F6-0577-4B24-812B-66265DAA08AC}"
EndProject
Global
	GlobalSection(SolutionConfigurationPlatforms) = preSolution
		Debug|x64 = Debug|x64
		Debug|x86 = Debug|x86
		Release|x64 = Release|x64
		Release|x86 = Release|x86
	EndGlobalSection
	GlobalSection(ProjectConfigurationPlatforms) = postSolution
		{13F844F6-0577-4B24-812B-66265DAA08AC}.Debug|x64.ActiveCfg = Debug|x64
		{13F844F6-0577-4B24-812B-66265DAA08AC}.Debug|x64.Build.0 = Debug|x64
		{13F844F6-0577-4B24-812B-66265DAA08AC}.Debug|x86.ActiveCfg = Debug|Win32
		{13F844F6-0577-4B24-812B-66265DAA08AC}.Debug|x86.Build.0 = Debug|Win32
		{13F844F6-0577-4B24-812B-66265DAA08AC}.Release|x64.ActiveCfg = Release|x64
		{13F844F6-0577-4B24-812B-66265DAA08AC}.Release|x64.Build.0 = Release|x64
		{13F844F6-0577-4B24-812B-66265DAA08AC}.Release|x86.ActiveCfg = Release|Win32
		{13F844F6-0577-4B24-812B-66265DAA08AC}.Release|x86.Build.0 = Release|Win32
	EndGlobalSection
	GlobalSection(SolutionProperties) = preSolution
		HideSolutionNode = FALSE
	EndGlobalSection
	GlobalSection(ExtensibilityGlobals) = postSolution
		SolutionGuid = {B65E1A17-F237-474A-AEDA-630BBD3F612C}
	EndGlobalSection
EndGlobal
